
Microsoft Visual Studio Solution File, Format Version 12.00
# Visual Studio 15
VisualStudioVersion = 15.0.28010.2050
MinimumVisualStudioVersion = 10.0.40219.1
Project("{FAE04EC0-301F-11D3-BF4B-00C04F79EFBC}") = "Kmin", "Kmin\Kmin.csproj", "{208E3394-69C3-405F-9C9D-32F72938C08F}"
EndProject
Global
	GlobalSection(SolutionConfigurationPlatforms) = preSolution
		Debug|Any CPU = Debug|Any CPU
		Release|Any CPU = Release|Any CPU
	EndGlobalSection
	GlobalSection(ProjectConfigurationPlatforms) = postSolution
		{208E3394-69C3-405F-9C9D-32F72938C08F}.Debug|Any CPU.ActiveCfg = Debug|Any CPU
		{208E3394-69C3-405F-9C9D-32F72938C08F}.Debug|Any CPU.Build.0 = Debug|Any CPU
		{208E3394-69C3-405F-9C9D-32F72938C08F}.Release|Any CPU.ActiveCfg = Release|Any CPU
		{208E3394-69C3-405F-9C9D-32F72938C08F}.Release|Any CPU.Build.0 = Release|Any CPU
	EndGlobalSection
	GlobalSection(SolutionProperties) = preSolution
		HideSolutionNode = FALSE
	EndGlobalSection
	GlobalSection(ExtensibilityGlobals) = postSolution
		SolutionGuid = {372B8CCC-FB17-4199-B706-7B7227AA25B4}
	EndGlobalSection
EndGlobal
